
Microsoft Visual Studio Solution File, Format Version 10.00
# Visual Studio 2008
Project("{FAE04EC0-301F-11D3-BF4B-00C04F79EFBC}") = "LOGISTICMANAGAMENTSYSTEM", "LOGISTICMANAGAMENTSYSTEM.csproj", "{AC75FD31-D629-4FFA-81EE-5DDD674EF06C}"
EndProject
Project("{FAE04EC0-301F-11D3-BF4B-00C04F79EFBC}") = "RMS.COMMON", "..\RMS.COMMON\RMS.COMMON.csproj", "{56EAE83E-0EE1-43DA-BB7A-5EB2F53C5C09}"
EndProject
Project("{FAE04EC0-301F-11D3-BF4B-00C04F79EFBC}") = "RMS.PROCESSING", "..\RMS.PROCESSING\RMS.PROCESSING.csproj", "{2F2696C5-09B0-4D4D-AFD6-EE9AAF92524E}"
EndProject
Project("{FAE04EC0-301F-11D3-BF4B-00C04F79EFBC}") = "Anovsys.DAL", "..\Anovsys.DAL\Anovsys.DAL.csproj", "{EC7EC4F2-2922-4BFD-89F1-1481FF611D97}"
EndProject
Project("{FAE04EC0-301F-11D3-BF4B-00C04F79EFBC}") = "Anovsys.Encryption", "..\Anovsys.Encryption\Anovsys.Encryption.csproj", "{865D5BB1-A27C-4BFF-857B-A09B9B7F6A7A}"
EndProject
Project("{FAE04EC0-301F-11D3-BF4B-00C04F79EFBC}") = "RMS.BUSSINES", "..\RMS.BUSSINES\RMS.BUSSINES.csproj", "{DBC532B8-F5E0-4BFC-9A7F-56F2A2092146}"
EndProject
Project("{FAE04EC0-301F-11D3-BF4B-00C04F79EFBC}") = "BarcodeLib", "..\BarcodeLib\BarcodeLib.csproj", "{F8646414-0C9C-49BB-9DA3-3923BF78A398}"
EndProject
Global
	GlobalSection(SolutionConfigurationPlatforms) = preSolution
		Debug|Any CPU = Debug|Any CPU
		Debug|x86 = Debug|x86
		Release|Any CPU = Release|Any CPU
		Release|x86 = Release|x86
	EndGlobalSection
	GlobalSection(ProjectConfigurationPlatforms) = postSolution
		{AC75FD31-D629-4FFA-81EE-5DDD674EF06C}.Debug|Any CPU.ActiveCfg = Debug|Any CPU
		{AC75FD31-D629-4FFA-81EE-5DDD674EF06C}.Debug|Any CPU.Build.0 = Debug|Any CPU
		{AC75FD31-D629-4FFA-81EE-5DDD674EF06C}.Debug|x86.ActiveCfg = Debug|Any CPU
		{AC75FD31-D629-4FFA-81EE-5DDD674EF06C}.Release|Any CPU.ActiveCfg = Release|Any CPU
		{AC75FD31-D629-4FFA-81EE-5DDD674EF06C}.Release|Any CPU.Build.0 = Release|Any CPU
		{AC75FD31-D629-4FFA-81EE-5DDD674EF06C}.Release|x86.ActiveCfg = Release|Any CPU
		{56EAE83E-0EE1-43DA-BB7A-5EB2F53C5C09}.Debug|Any CPU.ActiveCfg = Debug|Any CPU
		{56EAE83E-0EE1-43DA-BB7A-5EB2F53C5C09}.Debug|Any CPU.Build.0 = Debug|Any CPU
		{56EAE83E-0EE1-43DA-BB7A-5EB2F53C5C09}.Debug|x86.ActiveCfg = Debug|Any CPU
		{56EAE83E-0EE1-43DA-BB7A-5EB2F53C5C09}.Release|Any CPU.ActiveCfg = Release|Any CPU
		{56EAE83E-0EE1-43DA-BB7A-5EB2F53C5C09}.Release|Any CPU.Build.0 = Release|Any CPU
		{56EAE83E-0EE1-43DA-BB7A-5EB2F53C5C09}.Release|x86.ActiveCfg = Release|Any CPU
		{2F2696C5-09B0-4D4D-AFD6-EE9AAF92524E}.Debug|Any CPU.ActiveCfg = Debug|Any CPU
		{2F2696C5-09B0-4D4D-AFD6-EE9AAF92524E}.Debug|Any CPU.Build.0 = Debug|Any CPU
		{2F2696C5-09B0-4D4D-AFD6-EE9AAF92524E}.Debug|x86.ActiveCfg = Debug|Any CPU
		{2F2696C5-09B0-4D4D-AFD6-EE9AAF92524E}.Release|Any CPU.ActiveCfg = Release|Any CPU
		{2F2696C5-09B0-4D4D-AFD6-EE9AAF92524E}.Release|Any CPU.Build.0 = Release|Any CPU
		{2F2696C5-09B0-4D4D-AFD6-EE9AAF92524E}.Release|x86.ActiveCfg = Release|Any CPU
		{EC7EC4F2-2922-4BFD-89F1-1481FF611D97}.Debug|Any CPU.ActiveCfg = Debug|Any CPU
		{EC7EC4F2-2922-4BFD-89F1-1481FF611D97}.Debug|Any CPU.Build.0 = Debug|Any CPU
		{EC7EC4F2-2922-4BFD-89F1-1481FF611D97}.Debug|x86.ActiveCfg = Debug|Any CPU
		{EC7EC4F2-2922-4BFD-89F1-1481FF611D97}.Release|Any CPU.ActiveCfg = Release|Any CPU
		{EC7EC4F2-2922-4BFD-89F1-1481FF611D97}.Release|Any CPU.Build.0 = Release|Any CPU
		{EC7EC4F2-2922-4BFD-89F1-1481FF611D97}.Release|x86.ActiveCfg = Release|Any CPU
		{865D5BB1-A27C-4BFF-857B-A09B9B7F6A7A}.Debug|Any CPU.ActiveCfg = Debug|Any CPU
		{865D5BB1-A27C-4BFF-857B-A09B9B7F6A7A}.Debug|Any CPU.Build.0 = Debug|Any CPU
		{865D5BB1-A27C-4BFF-857B-A09B9B7F6A7A}.Debug|x86.ActiveCfg = Debug|Any CPU
		{865D5BB1-A27C-4BFF-857B-A09B9B7F6A7A}.Release|Any CPU.ActiveCfg = Release|Any CPU
		{865D5BB1-A27C-4BFF-857B-A09B9B7F6A7A}.Release|Any CPU.Build.0 = Release|Any CPU
		{865D5BB1-A27C-4BFF-857B-A09B9B7F6A7A}.Release|x86.ActiveCfg = Release|Any CPU
		{DBC532B8-F5E0-4BFC-9A7F-56F2A2092146}.Debug|Any CPU.ActiveCfg = Debug|Any CPU
		{DBC532B8-F5E0-4BFC-9A7F-56F2A2092146}.Debug|Any CPU.Build.0 = Debug|Any CPU
		{DBC532B8-F5E0-4BFC-9A7F-56F2A2092146}.Debug|x86.ActiveCfg = Debug|Any CPU
		{DBC532B8-F5E0-4BFC-9A7F-56F2A2092146}.Release|Any CPU.ActiveCfg = Release|Any CPU
		{DBC532B8-F5E0-4BFC-9A7F-56F2A2092146}.Release|Any CPU.Build.0 = Release|Any CPU
		{DBC532B8-F5E0-4BFC-9A7F-56F2A2092146}.Release|x86.ActiveCfg = Release|Any CPU
		{F8646414-0C9C-49BB-9DA3-3923BF78A398}.Debug|Any CPU.ActiveCfg = Debug|Any CPU
		{F8646414-0C9C-49BB-9DA3-3923BF78A398}.Debug|Any CPU.Build.0 = Debug|Any CPU
		{F8646414-0C9C-49BB-9DA3-3923BF78A398}.Debug|x86.ActiveCfg = Debug|x86
		{F8646414-0C9C-49BB-9DA3-3923BF78A398}.Debug|x86.Build.0 = Debug|x86
		{F8646414-0C9C-49BB-9DA3-3923BF78A398}.Release|Any CPU.ActiveCfg = Release|Any CPU
		{F8646414-0C9C-49BB-9DA3-3923BF78A398}.Release|Any CPU.Build.0 = Release|Any CPU
		{F8646414-0C9C-49BB-9DA3-3923BF78A398}.Release|x86.ActiveCfg = Release|x86
		{F8646414-0C9C-49BB-9DA3-3923BF78A398}.Release|x86.Build.0 = Release|x86
	EndGlobalSection
	GlobalSection(SolutionProperties) = preSolution
		HideSolutionNode = FALSE
	EndGlobalSection
EndGlobal
